{
  "name": "proxy",
  "version": "0.0.0",
  "lockfileVersion": 1,
  "requires": true,
  "dependencies": {
    "lblr-parser": {
      "version": "0.1.1",
      "resolved": "https://registry.npmjs.org/lblr-parser/-/lblr-parser-0.1.1.tgz",
      "integrity": "sha1-ig4/9m/UQz0nVH8hA6FOAUabyPA=",
      "requires": {
        "q": "1.5.1"
      }
    },
    "q": {
      "version": "1.5.1",
      "resolved": "https://registry.npmjs.org/q/-/q-1.5.1.tgz",
      "integrity": "sha1-fjL3W0E4EpHQRhHxvxQQmsAGUdc="
    },
    "yaxy": {
      "version": "0.2.0",
      "resolved": "https://registry.npmjs.org/yaxy/-/yaxy-0.2.0.tgz",
      "integrity": "sha1-f+FM1vGXTeVmjINbCe6Wpc9d/Ps=",
      "requires": {
        "lblr-parser": "0.1.1",
        "q": "1.5.1"
      }
    }
  }
}
